lockfile_version = 3

[[realization]]
realization_hash = "b3:9d00185b40021ec3ff5b46a9cf7c3b7b918f3b83ed4aa1d52f1d056088c0a9c6"
name = "moonstone/lua"
version = "5.4.9"
kind = "runtime"
recipe_hash = "b3:9ddef3514e834e33889eccd8b8526e6aa458749bdf5cd7a9b5063276257c50e4"
artifact_hash = "b3:39bfa29bd95756b038e2f42deb93e325b9f7f2b80951a5a66a0f1b5639ee50c7"
replay_mode = "artifact_only"
runtime = "moonstone/lua"
lua_abi = "5.4"
target = "aarch64-macos"
constellation = "default"
source_kind = "runtime"
resolver = "moonstone"

[[realization]]
realization_hash = "b3:e590bad9c5357a19fc073af2a43182d39d88ff83fbf90a65604af7b09534327a"
name = "moonstone/alter-jsonc"
version = "0.1.1"
kind = "lib"
source_hash = "b3:f257bec3b1952c4dd65da2bde226d77522a0a652fb8fec93b9b319d0736ee55c"
recipe_hash = "b3:0d19f8fa17fd70f1397060faa959204190846418630d36fa52038f35ff13303c"
artifact_hash = "b3:f257bec3b1952c4dd65da2bde226d77522a0a652fb8fec93b9b319d0736ee55c"
replay_mode = "artifact_only"
runtime = "5.4"
lua_abi = "5.4"
target = "aarch64-macos"
constellation = "default"
source = "blobs/b3/f2/57/f257bec3b1952c4dd65da2bde226d77522a0a652fb8fec93b9b319d0736ee55c.tar.gz"
source_kind = "archive"
source_payload = "sources/blob.tar.gz"
resolver = "store"
roles = ["runtime"]

[[realization]]
realization_hash = "b3:cb07f26b24afafea4256a54cfb7d3859b41bc05627d1052cb265cfc5c1641110"
name = "moonstone/alter-json"
version = "0.1.1"
kind = "lib"
source_hash = "b3:f0a9e212d53c80a956daac20fe2d03b947f8dc89d59fb086658682f029de8f93"
recipe_hash = "b3:38673fa81ae0c9d607ce344fa0eb66bfee3e88c03d49c9fdffb834c7d3bb7299"
artifact_hash = "b3:f0a9e212d53c80a956daac20fe2d03b947f8dc89d59fb086658682f029de8f93"
replay_mode = "artifact_only"
runtime = "5.4"
lua_abi = "5.4"
target = "aarch64-macos"
constellation = "default"
source = "blobs/b3/f0/a9/f0a9e212d53c80a956daac20fe2d03b947f8dc89d59fb086658682f029de8f93.tar.gz"
source_kind = "archive"
source_payload = "sources/blob.tar.gz"
resolver = "store"
roles = ["runtime"]

[[realization]]
realization_hash = "b3:81610679200318060c29e530f076fd7f09f27dc796d120d02389dd1f9e0b6649"
name = "moonstone/alter"
version = "0.1.1"
kind = "lib"
source_hash = "b3:26d86055abf0730b3a5bcaa342556c6fceb64713fdcc248ee9462b2c7781fe4a"
recipe_hash = "b3:ec8fc174d419b620059534178037b9342700447e82d19c0a48d795e32153ccc0"
artifact_hash = "b3:26d86055abf0730b3a5bcaa342556c6fceb64713fdcc248ee9462b2c7781fe4a"
replay_mode = "artifact_only"
runtime = "5.4"
lua_abi = "5.4"
target = "aarch64-macos"
constellation = "default"
source = "blobs/b3/26/d8/26d86055abf0730b3a5bcaa342556c6fceb64713fdcc248ee9462b2c7781fe4a.tar.gz"
source_kind = "archive"
source_payload = "sources/blob.tar.gz"
resolver = "store"
roles = ["runtime"]

[[realization]]
realization_hash = "b3:c56a9fa4c39bd08413de9f0cbdded965282d522d88baa0e1e045cd7be9588cd0"
name = "moonstone/clingy"
version = "0.4.0"
kind = "bin"
source_hash = "b3:3a0eb338cb09fd8e861d1b8eb7987b57c3cd87de3999ca7324371d6f2e36cce0"
recipe_hash = "b3:86c8a86013ffeb4abb72eb64672624cd7b5c262eef4f002151995d578ab61bdb"
artifact_hash = "b3:3a0eb338cb09fd8e861d1b8eb7987b57c3cd87de3999ca7324371d6f2e36cce0"
replay_mode = "artifact_only"
runtime = "5.4"
lua_abi = "5.4"
target = "aarch64-macos"
constellation = "default"
source = "https://github.com/moonstone-sh/clingy/releases/download/v0.4.0/clingy-0.4.0-any.tar.gz"
source_kind = "archive"
source_payload = "sources/blob.tar.gz"
resolver = "store"
roles = ["runtime"]

[[realization]]
realization_hash = "b3:35ec8a33909e67a16f6964f83cc4ebeb7b403110441d06d4b7b48e408fefa1e5"
name = "moonstone/valua"
version = "0.2.7"
kind = "bin"
source_hash = "b3:1f69bfd19aa11075c6718c45e6e89c6355b24e21929d907100d6c2c95e4d3e2e"
recipe_hash = "b3:1dd7f3b7ecb05849072dae64094828f804f659cad8895c195cc01ce0c1048cee"
artifact_hash = "b3:1f69bfd19aa11075c6718c45e6e89c6355b24e21929d907100d6c2c95e4d3e2e"
replay_mode = "artifact_only"
runtime = "5.4"
lua_abi = "5.4"
target = "aarch64-macos"
constellation = "default"
source = "https://github.com/moonstone-sh/valua/releases/download/v0.2.7/valua-0.2.7-any.tar.gz"
source_kind = "archive"
source_payload = "sources/blob.tar.gz"
resolver = "store"
roles = ["runtime"]

[[realization]]
realization_hash = "b3:a0dc05ba40a51032add230c5171ca27a490098033525d5d26a6c0e2155c1f20e"
name = "moonstone/ballad"
version = "0.3.7"
kind = "bin"
source_hash = "b3:ff606883f3629edd39664ab299a91fe34136eb72ea72ac0ea78208d0dfd3ef42"
recipe_hash = "b3:c1a79b1734e439e17445a131b73cc8a0bcafcb3ab81679f1297219e94b90387a"
artifact_hash = "b3:ff606883f3629edd39664ab299a91fe34136eb72ea72ac0ea78208d0dfd3ef42"
replay_mode = "artifact_only"
runtime = "5.4"
lua_abi = "5.1"
target = "aarch64-macos"
constellation = "default"
source = "https://github.com/moonstone-sh/ballad/releases/download/v0.3.7/ballad-0.3.7-any.tar.gz"
source_kind = "bin"
source_payload = "sources/blob.tar.gz"
resolver = "store"
roles = ["tool"]

[[realization]]
realization_hash = "b3:f4fa2d3be673268303d06b676429b16656ae9c1a35be58d15d50e4db8405df2a"
name = "moonstone/luajit"
version = "2.1.0"
kind = "runtime"
source_hash = "b3:eb0e3baf280c1ae61596f94c85159d83b2ff99d0a2b8573a2605687ac1156b40"
recipe_hash = "b3:f0d64b5107def3bee5a8cb5c28578995ee6516bd4d1485fb979c4261ba81e7c1"
artifact_hash = "b3:f4d32a967447c8d87a709c01fa5229748de4054e51dfa073e0ad1e61c2683bbf"
replay_mode = "artifact_only"
runtime = "5.4"
lua_abi = "lua51"
target = "aarch64-macos"
constellation = "default"
source = "blobs/b3/f4/d3/f4d32a967447c8d87a709c01fa5229748de4054e51dfa073e0ad1e61c2683bbf.tar.zst"
source_kind = "archive"
source_payload = "sources/blob.tar.zst"
source_url = "blobs/b3/eb/0e/eb0e3baf280c1ae61596f94c85159d83b2ff99d0a2b8573a2605687ac1156b40.tar.gz"
resolver = "moonstone"
registry = "moonstone"

[[realization]]
realization_hash = "b3:83f357e822d13e04690ed9b8cf7a6774e1443b6b6a8499c8ed3994c406735b35"
name = "dkjson"
version = "2.11-1"
kind = "lib"
source_hash = "b3:736026c095d0d92f41d668c8bab1c02f58902d677326cbeca0fb592092b214a3"
recipe_hash = "b3:d87171c0c184155fce27b80e492477d439774862a26070e2f29a77f033376f86"
artifact_hash = "b3:bd1bdb75d6b3abd7721a3085ec6b11a48d27f0e6d2902866b584f8646eaf0d0a"
replay_mode = "portable_source"
runtime = "5.4"
lua_abi = "5.4"
target = "aarch64-macos"
constellation = "default"
source = "https://luarocks.org/dkjson-2.11-1.src.rock"
source_kind = "luarocks_src_rock"
source_payload = "sources/dkjson-2.11-1.src.rock"
rockspec = "https://luarocks.org/dkjson-2.11-1.rockspec"
rockspec_hash = "b3:f435b6b2f3924979d1a69598935ee7de27f35dbaa5dfa6b36aeda2f5f7356c44"
rockspec_payload = "sources/dkjson-2.11-1.rockspec"
resolver = "rocks"
registry = "rocks"
roles = ["tool"]

[[profile]]
id = "aarch64-macos+moonstone/lua+5.4"
target = "aarch64-macos"
runtime = "moonstone/lua"
lua_abi = "5.4"
packages = [{ name = "moonstone/lua", version = "5.4.9", realization_hash = "b3:9d00185b40021ec3ff5b46a9cf7c3b7b918f3b83ed4aa1d52f1d056088c0a9c6" }, { name = "moonstone/alter-jsonc", version = "0.1.1", realization_hash = "b3:e590bad9c5357a19fc073af2a43182d39d88ff83fbf90a65604af7b09534327a" }, { name = "moonstone/alter-json", version = "0.1.1", realization_hash = "b3:cb07f26b24afafea4256a54cfb7d3859b41bc05627d1052cb265cfc5c1641110" }, { name = "moonstone/alter", version = "0.1.1", realization_hash = "b3:81610679200318060c29e530f076fd7f09f27dc796d120d02389dd1f9e0b6649" }, { name = "moonstone/clingy", version = "0.4.0", realization_hash = "b3:c56a9fa4c39bd08413de9f0cbdded965282d522d88baa0e1e045cd7be9588cd0" }, { name = "moonstone/valua", version = "0.2.7", realization_hash = "b3:35ec8a33909e67a16f6964f83cc4ebeb7b403110441d06d4b7b48e408fefa1e5" }, { name = "moonstone/ballad", version = "0.3.7", realization_hash = "b3:a0dc05ba40a51032add230c5171ca27a490098033525d5d26a6c0e2155c1f20e" }, { name = "moonstone/luajit", version = "2.1.0", realization_hash = "b3:f4fa2d3be673268303d06b676429b16656ae9c1a35be58d15d50e4db8405df2a" }, { name = "dkjson", version = "2.11-1", realization_hash = "b3:83f357e822d13e04690ed9b8cf7a6774e1443b6b6a8499c8ed3994c406735b35" }]
edges = []
